{
  "name": "@keshavsoft/kschema-api-gen",
  "version": "1.8.3",
  "lockfileVersion": 3,
  "requires": true,
  "packages": {
    "": {
      "name": "@keshavsoft/kschema-api-gen",
      "version": "1.8.3",
      "dependencies": {
        "@keshavsoft/kschema": "^1.17.8",
        "@keshavsoft/kschema-api-check": "^1.9.2"
      },
      "bin": {
        "kschema-api-gen": "bin/cli.js"
      }
    },
    "node_modules/@keshavsoft/kschema": {
      "version": "1.17.10",
      "resolved": "https://registry.npmjs.org/@keshavsoft/kschema/-/kschema-1.17.10.tgz",
      "integrity": "sha512-WondnA6gE54sNLjV2elufMsY9wyDLK+vWWOGD1tS3DM6nLhX3+iZtSWx1P7QMUech3ahWZM/ApzjRDTyF3Vh4A=="
    },
    "node_modules/@keshavsoft/kschema-api-check": {
      "version": "1.9.2",
      "resolved": "https://registry.npmjs.org/@keshavsoft/kschema-api-check/-/kschema-api-check-1.9.2.tgz",
      "integrity": "sha512-DHg0/TJIuUj9mGY3Ca3zFj0wKFeD387WiMTq9vJ2yPk1JIEnZSzyfcxjGzezdA8mRU026utea/f+olhS3A1v6w==",
      "bin": {
        "kschema-api-check": "bin/cli.js"
      }
    }
  }
}
